
Microsoft Visual Studio Solution File, Format Version 12.00
# Visual Studio Version 17
VisualStudioVersion = 17.3.32922.545
MinimumVisualStudioVersion = 10.0.40219.1
Project("{FAE04EC0-301F-11D3-BF4B-00C04F79EFBC}") = "AsciiGuesser", "AsciiGuesser.csproj", "{9625D0A7-039B-4872-A951-C7A81B0E982D}"
EndProject
Global
	GlobalSection(SolutionConfigurationPlatforms) = preSolution
		Debug|Any CPU = Debug|Any CPU
		Release|Any CPU = Release|Any CPU
	EndGlobalSection
	GlobalSection(ProjectConfigurationPlatforms) = postSolution
		{9625D0A7-039B-4872-A951-C7A81B0E982D}.Debug|Any CPU.ActiveCfg = Debug|Any CPU
		{9625D0A7-039B-4872-A951-C7A81B0E982D}.Debug|Any CPU.Build.0 = Debug|Any CPU
		{9625D0A7-039B-4872-A951-C7A81B0E982D}.Release|Any CPU.ActiveCfg = Release|Any CPU
		{9625D0A7-039B-4872-A951-C7A81B0E982D}.Release|Any CPU.Build.0 = Release|Any CPU
	EndGlobalSection
	GlobalSection(SolutionProperties) = preSolution
		HideSolutionNode = FALSE
	EndGlobalSection
	GlobalSection(ExtensibilityGlobals) = postSolution
		SolutionGuid = {6C39B06F-7E49-41F7-9558-04176FC74655}
	EndGlobalSection
EndGlobal
